
Microsoft Visual Studio Solution File, Format Version 12.00
# Visual Studio Version 16
VisualStudioVersion = 16.0.30114.105
MinimumVisualStudioVersion = 10.0.40219.1
Project("{2150E333-8FDC-42A3-9474-1A3956D46DE8}") = "src", "src", "{E29E49BC-316C-42AD-8A93-DBE9DFA1DFF8}"
EndProject
Project("{FAE04EC0-301F-11D3-BF4B-00C04F79EFBC}") = "HomeSensors.Service", "src\HomeSensors.Service\HomeSensors.Service.csproj", "{B4CC7A3B-B491-4039-BD84-15E0AF52C329}"
EndProject
Project("{FAE04EC0-301F-11D3-BF4B-00C04F79EFBC}") = "HomeSensors.Model", "src\HomeSensors.Model\HomeSensors.Model.csproj", "{642BD3B2-1D0B-435E-A8E7-CB4BF9C4C95E}"
EndProject
Project("{FAE04EC0-301F-11D3-BF4B-00C04F79EFBC}") = "HomeSensors.Web", "src\HomeSensors.Web\HomeSensors.Web.csproj", "{17469B46-E5C9-4510-9144-651467BDA90B}"
EndProject
Global
	GlobalSection(SolutionConfigurationPlatforms) = preSolution
		Debug|Any CPU = Debug|Any CPU
		Release|Any CPU = Release|Any CPU
	EndGlobalSection
	GlobalSection(SolutionProperties) = preSolution
		HideSolutionNode = FALSE
	EndGlobalSection
	GlobalSection(ProjectConfigurationPlatforms) = postSolution
		{B4CC7A3B-B491-4039-BD84-15E0AF52C329}.Debug|Any CPU.ActiveCfg = Debug|Any CPU
		{B4CC7A3B-B491-4039-BD84-15E0AF52C329}.Debug|Any CPU.Build.0 = Debug|Any CPU
		{B4CC7A3B-B491-4039-BD84-15E0AF52C329}.Release|Any CPU.ActiveCfg = Release|Any CPU
		{B4CC7A3B-B491-4039-BD84-15E0AF52C329}.Release|Any CPU.Build.0 = Release|Any CPU
		{642BD3B2-1D0B-435E-A8E7-CB4BF9C4C95E}.Debug|Any CPU.ActiveCfg = Debug|Any CPU
		{642BD3B2-1D0B-435E-A8E7-CB4BF9C4C95E}.Debug|Any CPU.Build.0 = Debug|Any CPU
		{642BD3B2-1D0B-435E-A8E7-CB4BF9C4C95E}.Release|Any CPU.ActiveCfg = Release|Any CPU
		{642BD3B2-1D0B-435E-A8E7-CB4BF9C4C95E}.Release|Any CPU.Build.0 = Release|Any CPU
		{17469B46-E5C9-4510-9144-651467BDA90B}.Debug|Any CPU.ActiveCfg = Debug|Any CPU
		{17469B46-E5C9-4510-9144-651467BDA90B}.Debug|Any CPU.Build.0 = Debug|Any CPU
		{17469B46-E5C9-4510-9144-651467BDA90B}.Release|Any CPU.ActiveCfg = Release|Any CPU
		{17469B46-E5C9-4510-9144-651467BDA90B}.Release|Any CPU.Build.0 = Release|Any CPU
	EndGlobalSection
	GlobalSection(NestedProjects) = preSolution
		{B4CC7A3B-B491-4039-BD84-15E0AF52C329} = {E29E49BC-316C-42AD-8A93-DBE9DFA1DFF8}
		{642BD3B2-1D0B-435E-A8E7-CB4BF9C4C95E} = {E29E49BC-316C-42AD-8A93-DBE9DFA1DFF8}
		{17469B46-E5C9-4510-9144-651467BDA90B} = {E29E49BC-316C-42AD-8A93-DBE9DFA1DFF8}
	EndGlobalSection
EndGlobal
