
Microsoft Visual Studio Solution File, Format Version 12.00
# Visual Studio Version 16
VisualStudioVersion = 16.0.30114.105
MinimumVisualStudioVersion = 10.0.40219.1
Project("{2150E333-8FDC-42A3-9474-1A3956D46DE8}") = "src", "src", "{E29E49BC-316C-42AD-8A93-DBE9DFA1DFF8}"
EndProject
Project("{FAE04EC0-301F-11D3-BF4B-00C04F79EFBC}") = "HomeSensors", "src\HomeSensors\HomeSensors.csproj", "{EEF537BB-7BC9-46E7-9A60-E772291BB02B}"
EndProject
Global
	GlobalSection(SolutionConfigurationPlatforms) = preSolution
		Debug|Any CPU = Debug|Any CPU
		Release|Any CPU = Release|Any CPU
	EndGlobalSection
	GlobalSection(SolutionProperties) = preSolution
		HideSolutionNode = FALSE
	EndGlobalSection
	GlobalSection(ProjectConfigurationPlatforms) = postSolution
		{EEF537BB-7BC9-46E7-9A60-E772291BB02B}.Debug|Any CPU.ActiveCfg = Debug|Any CPU
		{EEF537BB-7BC9-46E7-9A60-E772291BB02B}.Debug|Any CPU.Build.0 = Debug|Any CPU
		{EEF537BB-7BC9-46E7-9A60-E772291BB02B}.Release|Any CPU.ActiveCfg = Release|Any CPU
		{EEF537BB-7BC9-46E7-9A60-E772291BB02B}.Release|Any CPU.Build.0 = Release|Any CPU
	EndGlobalSection
	GlobalSection(NestedProjects) = preSolution
		{EEF537BB-7BC9-46E7-9A60-E772291BB02B} = {E29E49BC-316C-42AD-8A93-DBE9DFA1DFF8}
	EndGlobalSection
EndGlobal
